// !$*UTF8*$!
{
	archiveVersion = 1;
	classes = {
	};
	objectVersion = 46;
	objects = {

/* Begin PBXBuildFile section */
		2B5986A41F27943300485C3D /* B_Tree.cpp in Sources */ = {isa = PBXBuildFile; fileRef = 2B59869F1F27943300485C3D /* B_Tree.cpp */; };
		2B5986A51F27943300485C3D /* Source.cpp in Sources */ = {isa = PBXBuildFile; fileRef = 2B5986A31F27943300485C3D /* Source.cpp */; };
/* End PBXBuildFile section */

/* Begin PBXCopyFilesBuildPhase section */
		2B5986921F27941400485C3D /* CopyFiles */ = {
			isa = PBXCopyFilesBuildPhase;
			buildActionMask = 2147483647;
			dstPath = /usr/share/man/man1/;
			dstSubfolderSpec = 0;
			files = (
			);
			runOnlyForDeploymentPostprocessing = 1;
		};
/* End PBXCopyFilesBuildPhase section */

/* Begin PBXFileReference section */
		2B5986941F27941400485C3D /* TestAmigo */ = {isa = PBXFileReference; explicitFileType = "compiled.mach-o.executable"; includeInIndex = 0; path = TestAmigo; sourceTree = BUILT_PRODUCTS_DIR; };
		2B59869E1F27943300485C3D /* AVLTree.h */ = {isa = PBXFileReference; fileEncoding = 4; lastKnownFileType = sourcecode.c.h; name = AVLTree.h; path = ../../AVLTree.h; sourceTree = "<group>"; };
		2B59869F1F27943300485C3D /* B_Tree.cpp */ = {isa = PBXFileReference; fileEncoding = 4; lastKnownFileType = sourcecode.cpp.cpp; name = B_Tree.cpp; path = ../../B_Tree.cpp; sourceTree = "<group>"; };
		2B5986A01F27943300485C3D /* B_Tree.h */ = {isa = PBXFileReference; fileEncoding = 4; lastKnownFileType = sourcecode.c.h; name = B_Tree.h; path = ../../B_Tree.h; sourceTree = "<group>"; };
		2B5986A11F27943300485C3D /* LinkedList.h */ = {isa = PBXFileReference; fileEncoding = 4; lastKnownFileType = sourcecode.c.h; name = LinkedList.h; path = ../../LinkedList.h; sourceTree = "<group>"; };
		2B5986A21F27943300485C3D /* RB_Tree.h */ = {isa = PBXFileReference; fileEncoding = 4; lastKnownFileType = sourcecode.c.h; name = RB_Tree.h; path = ../../RB_Tree.h; sourceTree = "<group>"; };
		2B5986A31F27943300485C3D /* Source.cpp */ = {isa = PBXFileReference; fileEncoding = 4; lastKnownFileType = sourcecode.cpp.cpp; name = Source.cpp; path = ../../Source.cpp; sourceTree = "<group>"; };
/* End PBXFileReference section */

/* Begin PBXFrameworksBuildPhase section */
		2B5986911F27941400485C3D /* Frameworks */ = {
			isa = PBXFrameworksBuildPhase;
			buildActionMask = 2147483647;
			files = (
			);
			runOnlyForDeploymentPostprocessing = 0;
		};
/* End PBXFrameworksBuildPhase section */

/* Begin PBXGroup section */
		2B59868B1F27941400485C3D = {
			isa = PBXGroup;
			children = (
				2B5986961F27941400485C3D /* TestAmigo */,
				2B5986951F27941400485C3D /* Products */,
			);
			sourceTree = "<group>";
		};
		2B5986951F27941400485C3D /* Products */ = {
			isa = PBXGroup;
			children = (
				2B5986941F27941400485C3D /* TestAmigo */,
			);
			name = Products;
			sourceTree = "<group>";
		};
		2B5986961F27941400485C3D /* TestAmigo */ = {
			isa = PBXGroup;
			children = (
				2B59869E1F27943300485C3D /* AVLTree.h */,
				2B59869F1F27943300485C3D /* B_Tree.cpp */,
				2B5986A01F27943300485C3D /* B_Tree.h */,
				2B5986A11F27943300485C3D /* LinkedList.h */,
				2B5986A21F27943300485C3D /* RB_Tree.h */,
				2B5986A31F27943300485C3D /* Source.cpp */,
			);
			path = TestAmigo;
			sourceTree = "<group>";
		};
/* End PBXGroup section */

/* Begin PBXNativeTarget section */
		2B5986931F27941400485C3D /* TestAmigo */ = {
			isa = PBXNativeTarget;
			buildConfigurationList = 2B59869B1F27941400485C3D /* Build configuration list for PBXNativeTarget "TestAmigo" */;
			buildPhases = (
				2B5986901F27941400485C3D /* Sources */,
				2B5986911F27941400485C3D /* Frameworks */,
				2B5986921F27941400485C3D /* CopyFiles */,
			);
			buildRules = (
			);
			dependencies = (
			);
			name = TestAmigo;
			productName = TestAmigo;
			productReference = 2B5986941F27941400485C3D /* TestAmigo */;
			productType = "com.apple.product-type.tool";
		};
/* End PBXNativeTarget section */

/* Begin PBXProject section */
		2B59868C1F27941400485C3D /* Project object */ = {
			isa = PBXProject;
			attributes = {
				LastUpgradeCheck = 0820;
				ORGANIZATIONNAME = "朱同宽";
				TargetAttributes = {
					2B5986931F27941400485C3D = {
						CreatedOnToolsVersion = 8.2.1;
						ProvisioningStyle = Automatic;
					};
				};
			};
			buildConfigurationList = 2B59868F1F27941400485C3D /* Build configuration list for PBXProject "TestAmigo" */;
			compatibilityVersion = "Xcode 3.2";
			developmentRegion = English;
			hasScannedForEncodings = 0;
			knownRegions = (
				en,
			);
			mainGroup = 2B59868B1F27941400485C3D;
			productRefGroup = 2B5986951F27941400485C3D /* Products */;
			projectDirPath = "";
			projectRoot = "";
			targets = (
				2B5986931F27941400485C3D /* TestAmigo */,
			);
		};
/* End PBXProject section */

/* Begin PBXSourcesBuildPhase section */
		2B5986901F27941400485C3D /* Sources */ = {
			isa = PBXSourcesBuildPhase;
			buildActionMask = 2147483647;
			files = (
				2B5986A51F27943300485C3D /* Source.cpp in Sources */,
				2B5986A41F27943300485C3D /* B_Tree.cpp in Sources */,
			);
			runOnlyForDeploymentPostprocessing = 0;
		};
/* End PBXSourcesBuildPhase section */

/* Begin XCBuildConfiguration section */
		2B5986991F27941400485C3D /* Debug */ = {
			isa = XCBuildConfiguration;
			buildSettings = {
				ALWAYS_SEARCH_USER_PATHS = NO;
				CLANG_ANALYZER_NONNULL = YES;
				CLANG_CXX_LANGUAGE_STANDARD = "gnu++0x";
				CLANG_CXX_LIBRARY = "libc++";
				CLANG_ENABLE_MODULES = YES;
				CLANG_ENABLE_OBJC_ARC = YES;
				CLANG_WARN_BOOL_CONVERSION = YES;
				CLANG_WARN_CONSTANT_CONVERSION = YES;
				CLANG_WARN_DIRECT_OBJC_ISA_USAGE = YES_ERROR;
				CLANG_WARN_DOCUMENTATION_COMMENTS = YES;
				CLANG_WARN_EMPTY_BODY = YES;
				CLANG_WARN_ENUM_CONVERSION = YES;
				CLANG_WARN_INFINITE_RECURSION = YES;
				CLANG_WARN_INT_CONVERSION = YES;
				CLANG_WARN_OBJC_ROOT_CLASS = YES_ERROR;
				CLANG_WARN_SUSPICIOUS_MOVE = YES;
				CLANG_WARN_UNREACHABLE_CODE = YES;
				CLANG_WARN__DUPLICATE_METHOD_MATCH = YES;
				CODE_SIGN_IDENTITY = "-";
				COPY_PHASE_STRIP = NO;
				DEBUG_INFORMATION_FORMAT = dwarf;
				ENABLE_STRICT_OBJC_MSGSEND = YES;
				ENABLE_TESTABILITY = YES;
				GCC_C_LANGUAGE_STANDARD = gnu99;
				GCC_DYNAMIC_NO_PIC = NO;
				GCC_NO_COMMON_BLOCKS = YES;
				GCC_OPTIMIZATION_LEVEL = 0;
				GCC_PREPROCESSOR_DEFINITIONS = (
					"DEBUG=1",
					"$(inherited)",
				);
				GCC_WARN_64_TO_32_BIT_CONVERSION = YES;
				GCC_WARN_ABOUT_RETURN_TYPE = YES_ERROR;
				GCC_WARN_UNDECLARED_SELECTOR = YES;
				GCC_WARN_UNINITIALIZED_AUTOS = YES_AGGRESSIVE;
				GCC_WARN_UNUSED_FUNCTION = YES;
				GCC_WARN_UNUSED_VARIABLE = YES;
				MACOSX_DEPLOYMENT_TARGET = 10.12;
				MTL_ENABLE_DEBUG_INFO = YES;
				ONLY_ACTIVE_ARCH = YES;
				SDKROOT = macosx;
			};
			name = Debug;
		};
		2B59869A1F27941400485C3D /* Release */ = {
			isa = XCBuildConfiguration;
			buildSettings = {
				ALWAYS_SEARCH_USER_PATHS = NO;
				CLANG_ANALYZER_NONNULL = YES;
				CLANG_CXX_LANGUAGE_STANDARD = "gnu++0x";
				CLANG_CXX_LIBRARY = "libc++";
				CLANG_ENABLE_MODULES = YES;
				CLANG_ENABLE_OBJC_ARC = YES;
				CLANG_WARN_BOOL_CONVERSION = YES;
				CLANG_WARN_CONSTANT_CONVERSION = YES;
				CLANG_WARN_DIRECT_OBJC_ISA_USAGE = YES_ERROR;
				CLANG_WARN_DOCUMENTATION_COMMENTS = YES;
				CLANG_WARN_EMPTY_BODY = YES;
				CLANG_WARN_ENUM_CONVERSION = YES;
				CLANG_WARN_INFINITE_RECURSION = YES;
				CLANG_WARN_INT_CONVERSION = YES;
				CLANG_WARN_OBJC_ROOT_CLASS = YES_ERROR;
				CLANG_WARN_SUSPICIOUS_MOVE = YES;
				CLANG_WARN_UNREACHABLE_CODE = YES;
				CLANG_WARN__DUPLICATE_METHOD_MATCH = YES;
				CODE_SIGN_IDENTITY = "-";
				COPY_PHASE_STRIP = NO;
				DEBUG_INFORMATION_FORMAT = "dwarf-with-dsym";
				ENABLE_NS_ASSERTIONS = NO;
				ENABLE_STRICT_OBJC_MSGSEND = YES;
				GCC_C_LANGUAGE_STANDARD = gnu99;
				GCC_NO_COMMON_BLOCKS = YES;
				GCC_WARN_64_TO_32_BIT_CONVERSION = YES;
				GCC_WARN_ABOUT_RETURN_TYPE = YES_ERROR;
				GCC_WARN_UNDECLARED_SELECTOR = YES;
				GCC_WARN_UNINITIALIZED_AUTOS = YES_AGGRESSIVE;
				GCC_WARN_UNUSED_FUNCTION = YES;
				GCC_WARN_UNUSED_VARIABLE = YES;
				MACOSX_DEPLOYMENT_TARGET = 10.12;
				MTL_ENABLE_DEBUG_INFO = NO;
				SDKROOT = macosx;
			};
			name = Release;
		};
		2B59869C1F27941400485C3D /* Debug */ = {
			isa = XCBuildConfiguration;
			buildSettings = {
				PRODUCT_NAME = "$(TARGET_NAME)";
			};
			name = Debug;
		};
		2B59869D1F27941400485C3D /* Release */ = {
			isa = XCBuildConfiguration;
			buildSettings = {
				PRODUCT_NAME = "$(TARGET_NAME)";
			};
			name = Release;
		};
/* End XCBuildConfiguration section */

/* Begin XCConfigurationList section */
		2B59868F1F27941400485C3D /* Build configuration list for PBXProject "TestAmigo" */ = {
			isa = XCConfigurationList;
			buildConfigurations = (
				2B5986991F27941400485C3D /* Debug */,
				2B59869A1F27941400485C3D /* Release */,
			);
			defaultConfigurationIsVisible = 0;
			defaultConfigurationName = Release;
		};
		2B59869B1F27941400485C3D /* Build configuration list for PBXNativeTarget "TestAmigo" */ = {
			isa = XCConfigurationList;
			buildConfigurations = (
				2B59869C1F27941400485C3D /* Debug */,
				2B59869D1F27941400485C3D /* Release */,
			);
			defaultConfigurationIsVisible = 0;
		};
/* End XCConfigurationList section */
	};
	rootObject = 2B59868C1F27941400485C3D /* Project object */;
}
